
Microsoft Visual Studio Solution File, Format Version 12.00
# Visual Studio 15
VisualStudioVersion = 15.0.26730.16
MinimumVisualStudioVersion = 10.0.40219.1
Project("{9A19103F-16F7-4668-BE54-9A1E7A4F7556}") = "NExpect", "NExpect\NExpect.csproj", "{C850A6E9-1EC1-44E3-A1D1-9913E4425288}"
EndProject
Project("{9A19103F-16F7-4668-BE54-9A1E7A4F7556}") = "NExpect.Tests", "NExpect.Tests\NExpect.Tests.csproj", "{C044137B-AA46-471F-AEF3-0A6D95D52DE9}"
EndProject
Project("{9A19103F-16F7-4668-BE54-9A1E7A4F7556}") = "CoreConsumer", "CoreConsumer\CoreConsumer.csproj", "{941EC838-F3B0-4674-B428-EF2DC388BE17}"
EndProject
Project("{FAE04EC0-301F-11D3-BF4B-00C04F79EFBC}") = "CoreTests", "CoreTests\CoreTests.csproj", "{0F91FB49-F2CF-4775-B86D-13038E4789CD}"
EndProject
Project("{FAE04EC0-301F-11D3-BF4B-00C04F79EFBC}") = "NExpect.Tests.Core", "NExpect.Tests.Core\NExpect.Tests.Core.csproj", "{D2DDE3DD-EE78-4B3A-ADE7-CE7FDAE1CBDB}"
EndProject
Project("{FAE04EC0-301F-11D3-BF4B-00C04F79EFBC}") = "NExpect.Matchers.NSubstitute", "NExpect.Matchers.NSubstitute\NExpect.Matchers.NSubstitute.csproj", "{269248F0-4508-43B5-80E5-05DE1BFF4708}"
EndProject
Project("{FAE04EC0-301F-11D3-BF4B-00C04F79EFBC}") = "NExpect.NSubstitute.Tests", "NExpect.NSubstitute.Tests\NExpect.NSubstitute.Tests.csproj", "{4EA20383-2153-48DF-B620-F3C9232FCD5A}"
EndProject
Project("{FAE04EC0-301F-11D3-BF4B-00C04F79EFBC}") = "NExpect.Matchers.AspNetCore", "NExpect.Matchers.AspNetCore\NExpect.Matchers.AspNetCore.csproj", "{1CE39EC6-A0C6-4D45-AC6B-6D7AEC0F2F5C}"
EndProject
Project("{FAE04EC0-301F-11D3-BF4B-00C04F79EFBC}") = "NExpect.Matchers.AspNetCore.Tests", "NExpect.Matchers.AspNetCore.Tests\NExpect.Matchers.AspNetCore.Tests.csproj", "{7D3738F9-78FA-40D8-A00B-4DA80F12A7F1}"
EndProject
Global
	GlobalSection(SolutionConfigurationPlatforms) = preSolution
		BuildForRelease|Any CPU = BuildForRelease|Any CPU
		Debug|Any CPU = Debug|Any CPU
		Release|Any CPU = Release|Any CPU
	EndGlobalSection
	GlobalSection(ProjectConfigurationPlatforms) = postSolution
		{C850A6E9-1EC1-44E3-A1D1-9913E4425288}.BuildForRelease|Any CPU.ActiveCfg = BuildForRelease|Any CPU
		{C850A6E9-1EC1-44E3-A1D1-9913E4425288}.BuildForRelease|Any CPU.Build.0 = BuildForRelease|Any CPU
		{C850A6E9-1EC1-44E3-A1D1-9913E4425288}.Debug|Any CPU.ActiveCfg = Debug|Any CPU
		{C850A6E9-1EC1-44E3-A1D1-9913E4425288}.Debug|Any CPU.Build.0 = Debug|Any CPU
		{C850A6E9-1EC1-44E3-A1D1-9913E4425288}.Release|Any CPU.ActiveCfg = Release|Any CPU
		{C850A6E9-1EC1-44E3-A1D1-9913E4425288}.Release|Any CPU.Build.0 = Release|Any CPU
		{C044137B-AA46-471F-AEF3-0A6D95D52DE9}.BuildForRelease|Any CPU.ActiveCfg = BuildForRelease|Any CPU
		{C044137B-AA46-471F-AEF3-0A6D95D52DE9}.BuildForRelease|Any CPU.Build.0 = BuildForRelease|Any CPU
		{C044137B-AA46-471F-AEF3-0A6D95D52DE9}.Debug|Any CPU.ActiveCfg = Debug|Any CPU
		{C044137B-AA46-471F-AEF3-0A6D95D52DE9}.Debug|Any CPU.Build.0 = Debug|Any CPU
		{C044137B-AA46-471F-AEF3-0A6D95D52DE9}.Release|Any CPU.ActiveCfg = Release|Any CPU
		{C044137B-AA46-471F-AEF3-0A6D95D52DE9}.Release|Any CPU.Build.0 = Release|Any CPU
		{941EC838-F3B0-4674-B428-EF2DC388BE17}.BuildForRelease|Any CPU.ActiveCfg = BuildForRelease|Any CPU
		{941EC838-F3B0-4674-B428-EF2DC388BE17}.BuildForRelease|Any CPU.Build.0 = BuildForRelease|Any CPU
		{941EC838-F3B0-4674-B428-EF2DC388BE17}.Debug|Any CPU.ActiveCfg = Debug|Any CPU
		{941EC838-F3B0-4674-B428-EF2DC388BE17}.Debug|Any CPU.Build.0 = Debug|Any CPU
		{941EC838-F3B0-4674-B428-EF2DC388BE17}.Release|Any CPU.ActiveCfg = Release|Any CPU
		{941EC838-F3B0-4674-B428-EF2DC388BE17}.Release|Any CPU.Build.0 = Release|Any CPU
		{0F91FB49-F2CF-4775-B86D-13038E4789CD}.BuildForRelease|Any CPU.ActiveCfg = Release|Any CPU
		{0F91FB49-F2CF-4775-B86D-13038E4789CD}.BuildForRelease|Any CPU.Build.0 = Release|Any CPU
		{0F91FB49-F2CF-4775-B86D-13038E4789CD}.Debug|Any CPU.ActiveCfg = Debug|Any CPU
		{0F91FB49-F2CF-4775-B86D-13038E4789CD}.Debug|Any CPU.Build.0 = Debug|Any CPU
		{0F91FB49-F2CF-4775-B86D-13038E4789CD}.Release|Any CPU.ActiveCfg = Release|Any CPU
		{0F91FB49-F2CF-4775-B86D-13038E4789CD}.Release|Any CPU.Build.0 = Release|Any CPU
		{D2DDE3DD-EE78-4B3A-ADE7-CE7FDAE1CBDB}.BuildForRelease|Any CPU.ActiveCfg = Debug|Any CPU
		{D2DDE3DD-EE78-4B3A-ADE7-CE7FDAE1CBDB}.BuildForRelease|Any CPU.Build.0 = Debug|Any CPU
		{D2DDE3DD-EE78-4B3A-ADE7-CE7FDAE1CBDB}.Debug|Any CPU.ActiveCfg = Debug|Any CPU
		{D2DDE3DD-EE78-4B3A-ADE7-CE7FDAE1CBDB}.Debug|Any CPU.Build.0 = Debug|Any CPU
		{D2DDE3DD-EE78-4B3A-ADE7-CE7FDAE1CBDB}.Release|Any CPU.ActiveCfg = Release|Any CPU
		{D2DDE3DD-EE78-4B3A-ADE7-CE7FDAE1CBDB}.Release|Any CPU.Build.0 = Release|Any CPU
		{269248F0-4508-43B5-80E5-05DE1BFF4708}.Debug|Any CPU.ActiveCfg = Debug|Any CPU
		{269248F0-4508-43B5-80E5-05DE1BFF4708}.Debug|Any CPU.Build.0 = Debug|Any CPU
		{269248F0-4508-43B5-80E5-05DE1BFF4708}.Release|Any CPU.ActiveCfg = Release|Any CPU
		{269248F0-4508-43B5-80E5-05DE1BFF4708}.Release|Any CPU.Build.0 = Release|Any CPU
		{269248F0-4508-43B5-80E5-05DE1BFF4708}.BuildForRelease|Any CPU.ActiveCfg = BuildForRelease|Any CPU
		{269248F0-4508-43B5-80E5-05DE1BFF4708}.BuildForRelease|Any CPU.Build.0 = BuildForRelease|Any CPU
		{4EA20383-2153-48DF-B620-F3C9232FCD5A}.BuildForRelease|Any CPU.ActiveCfg = Debug|Any CPU
		{4EA20383-2153-48DF-B620-F3C9232FCD5A}.BuildForRelease|Any CPU.Build.0 = Debug|Any CPU
		{4EA20383-2153-48DF-B620-F3C9232FCD5A}.Debug|Any CPU.ActiveCfg = Debug|Any CPU
		{4EA20383-2153-48DF-B620-F3C9232FCD5A}.Debug|Any CPU.Build.0 = Debug|Any CPU
		{4EA20383-2153-48DF-B620-F3C9232FCD5A}.Release|Any CPU.ActiveCfg = Release|Any CPU
		{4EA20383-2153-48DF-B620-F3C9232FCD5A}.Release|Any CPU.Build.0 = Release|Any CPU
		{1CE39EC6-A0C6-4D45-AC6B-6D7AEC0F2F5C}.Debug|Any CPU.ActiveCfg = Debug|Any CPU
		{1CE39EC6-A0C6-4D45-AC6B-6D7AEC0F2F5C}.Debug|Any CPU.Build.0 = Debug|Any CPU
		{1CE39EC6-A0C6-4D45-AC6B-6D7AEC0F2F5C}.Release|Any CPU.ActiveCfg = Release|Any CPU
		{1CE39EC6-A0C6-4D45-AC6B-6D7AEC0F2F5C}.Release|Any CPU.Build.0 = Release|Any CPU
		{1CE39EC6-A0C6-4D45-AC6B-6D7AEC0F2F5C}.BuildForRelease|Any CPU.ActiveCfg = BuildForRelease|Any CPU
		{1CE39EC6-A0C6-4D45-AC6B-6D7AEC0F2F5C}.BuildForRelease|Any CPU.Build.0 = BuildForRelease|Any CPU
		{7D3738F9-78FA-40D8-A00B-4DA80F12A7F1}.BuildForRelease|Any CPU.ActiveCfg = Debug|Any CPU
		{7D3738F9-78FA-40D8-A00B-4DA80F12A7F1}.BuildForRelease|Any CPU.Build.0 = Debug|Any CPU
		{7D3738F9-78FA-40D8-A00B-4DA80F12A7F1}.Debug|Any CPU.ActiveCfg = Debug|Any CPU
		{7D3738F9-78FA-40D8-A00B-4DA80F12A7F1}.Debug|Any CPU.Build.0 = Debug|Any CPU
		{7D3738F9-78FA-40D8-A00B-4DA80F12A7F1}.Release|Any CPU.ActiveCfg = Release|Any CPU
		{7D3738F9-78FA-40D8-A00B-4DA80F12A7F1}.Release|Any CPU.Build.0 = Release|Any CPU
	EndGlobalSection
	GlobalSection(SolutionProperties) = preSolution
		HideSolutionNode = FALSE
	EndGlobalSection
	GlobalSection(ExtensibilityGlobals) = postSolution
		SolutionGuid = {64CAF10D-A9A4-42A2-A5E7-4123B11F1CCD}
	EndGlobalSection
EndGlobal
